
Microsoft Visual Studio Solution File, Format Version 12.00
# Visual Studio Version 16
VisualStudioVersion = 16.0.30804.86
MinimumVisualStudioVersion = 10.0.40219.1
Project("{FAE04EC0-301F-11D3-BF4B-00C04F79EFBC}") = "FacedePattern", "FacedePattern\FacedePattern.csproj", "{3809215E-3F1F-481E-8E93-A876F062CD2E}"
EndProject
Global
	GlobalSection(SolutionConfigurationPlatforms) = preSolution
		Debug|Any CPU = Debug|Any CPU
		Release|Any CPU = Release|Any CPU
	EndGlobalSection
	GlobalSection(ProjectConfigurationPlatforms) = postSolution
		{3809215E-3F1F-481E-8E93-A876F062CD2E}.Debug|Any CPU.ActiveCfg = Debug|Any CPU
		{3809215E-3F1F-481E-8E93-A876F062CD2E}.Debug|Any CPU.Build.0 = Debug|Any CPU
		{3809215E-3F1F-481E-8E93-A876F062CD2E}.Release|Any CPU.ActiveCfg = Release|Any CPU
		{3809215E-3F1F-481E-8E93-A876F062CD2E}.Release|Any CPU.Build.0 = Release|Any CPU
	EndGlobalSection
	GlobalSection(SolutionProperties) = preSolution
		HideSolutionNode = FALSE
	EndGlobalSection
	GlobalSection(ExtensibilityGlobals) = postSolution
		SolutionGuid = {64ADA7BC-417B-465F-885A-5742943C0842}
	EndGlobalSection
EndGlobal
